
Microsoft Visual Studio Solution File, Format Version 12.00
# Visual Studio Version 16
VisualStudioVersion = 16.0.32413.511
MinimumVisualStudioVersion = 10.0.40219.1
Project("{FAE04EC0-301F-11D3-BF4B-00C04F79EFBC}") = "AutoMouseClicker", "AutoMouseClicker.csproj", "{588F6F45-1FCD-481C-BF1A-34207DA78BD4}"
EndProject
Global
	GlobalSection(SolutionConfigurationPlatforms) = preSolution
		Debug|Any CPU = Debug|Any CPU
		Release|Any CPU = Release|Any CPU
	EndGlobalSection
	GlobalSection(ProjectConfigurationPlatforms) = postSolution
		{588F6F45-1FCD-481C-BF1A-34207DA78BD4}.Debug|Any CPU.ActiveCfg = Debug|Any CPU
		{588F6F45-1FCD-481C-BF1A-34207DA78BD4}.Debug|Any CPU.Build.0 = Debug|Any CPU
		{588F6F45-1FCD-481C-BF1A-34207DA78BD4}.Release|Any CPU.ActiveCfg = Release|Any CPU
		{588F6F45-1FCD-481C-BF1A-34207DA78BD4}.Release|Any CPU.Build.0 = Release|Any CPU
	EndGlobalSection
	GlobalSection(SolutionProperties) = preSolution
		HideSolutionNode = FALSE
	EndGlobalSection
	GlobalSection(ExtensibilityGlobals) = postSolution
		SolutionGuid = {A71160CA-E75F-4186-967F-63E5CC346486}
	EndGlobalSection
EndGlobal
